// !$*UTF8*$!
{
	archiveVersion = 1;
	classes = {
	};
	objectVersion = 46;
	objects = {

/* Begin PBXBuildFile section */
		6F807A4D1F5A496200B64E92 /* AppDelegate.swift in Sources */ = {isa = PBXBuildFile; fileRef = 6F807A4C1F5A496200B64E92 /* AppDelegate.swift */; };
		6F807A4F1F5A496200B64E92 /* ViewController.swift in Sources */ = {isa = PBXBuildFile; fileRef = 6F807A4E1F5A496200B64E92 /* ViewController.swift */; };
		6F807A521F5A496200B64E92 /* Main.storyboard in Resources */ = {isa = PBXBuildFile; fileRef = 6F807A501F5A496200B64E92 /* Main.storyboard */; };
		6F807A551F5A496200B64E92 /* Flickr_API.xcdatamodeld in Sources */ = {isa = PBXBuildFile; fileRef = 6F807A531F5A496200B64E92 /* Flickr_API.xcdatamodeld */; };
		6F807A571F5A496200B64E92 /* Assets.xcassets in Resources */ = {isa = PBXBuildFile; fileRef = 6F807A561F5A496200B64E92 /* Assets.xcassets */; };
		6F807A5A1F5A496200B64E92 /* LaunchScreen.storyboard in Resources */ = {isa = PBXBuildFile; fileRef = 6F807A581F5A496200B64E92 /* LaunchScreen.storyboard */; };
		6F807A651F5A496200B64E92 /* Flickr_APITests.swift in Sources */ = {isa = PBXBuildFile; fileRef = 6F807A641F5A496200B64E92 /* Flickr_APITests.swift */; };
		6F807A701F5A496200B64E92 /* Flickr_APIUITests.swift in Sources */ = {isa = PBXBuildFile; fileRef = 6F807A6F1F5A496200B64E92 /* Flickr_APIUITests.swift */; };
		6F807A7F1F5A4CAA00B64E92 /* FlickrObject.swift in Sources */ = {isa = PBXBuildFile; fileRef = 6F807A7E1F5A4CAA00B64E92 /* FlickrObject.swift */; };
/* End PBXBuildFile section */

/* Begin PBXContainerItemProxy section */
		6F807A611F5A496200B64E92 /* PBXContainerItemProxy */ = {
			isa = PBXContainerItemProxy;
			containerPortal = 6F807A411F5A496200B64E92 /* Project object */;
			proxyType = 1;
			remoteGlobalIDString = 6F807A481F5A496200B64E92;
			remoteInfo = "Flickr API";
		};
		6F807A6C1F5A496200B64E92 /* PBXContainerItemProxy */ = {
			isa = PBXContainerItemProxy;
			containerPortal = 6F807A411F5A496200B64E92 /* Project object */;
			proxyType = 1;
			remoteGlobalIDString = 6F807A481F5A496200B64E92;
			remoteInfo = "Flickr API";
		};
/* End PBXContainerItemProxy section */

/* Begin PBXFileReference section */
		6F807A491F5A496200B64E92 /* Flickr API.app */ = {isa = PBXFileReference; explicitFileType = wrapper.application; includeInIndex = 0; path = "Flickr API.app"; sourceTree = BUILT_PRODUCTS_DIR; };
		6F807A4C1F5A496200B64E92 /* AppDelegate.swift */ = {isa = PBXFileReference; lastKnownFileType = sourcecode.swift; path = AppDelegate.swift; sourceTree = "<group>"; };
		6F807A4E1F5A496200B64E92 /* ViewController.swift */ = {isa = PBXFileReference; lastKnownFileType = sourcecode.swift; path = ViewController.swift; sourceTree = "<group>"; };
		6F807A511F5A496200B64E92 /* Base */ = {isa = PBXFileReference; lastKnownFileType = file.storyboard; name = Base; path = Base.lproj/Main.storyboard; sourceTree = "<group>"; };
		6F807A541F5A496200B64E92 /* Flickr_API.xcdatamodel */ = {isa = PBXFileReference; lastKnownFileType = wrapper.xcdatamodel; path = Flickr_API.xcdatamodel; sourceTree = "<group>"; };
		6F807A561F5A496200B64E92 /* Assets.xcassets */ = {isa = PBXFileReference; lastKnownFileType = folder.assetcatalog; path = Assets.xcassets; sourceTree = "<group>"; };
		6F807A591F5A496200B64E92 /* Base */ = {isa = PBXFileReference; lastKnownFileType = file.storyboard; name = Base; path = Base.lproj/LaunchScreen.storyboard; sourceTree = "<group>"; };
		6F807A5B1F5A496200B64E92 /* Info.plist */ = {isa = PBXFileReference; lastKnownFileType = text.plist.xml; path = Info.plist; sourceTree = "<group>"; };
		6F807A601F5A496200B64E92 /* Flickr APITests.xctest */ = {isa = PBXFileReference; explicitFileType = wrapper.cfbundle; includeInIndex = 0; path = "Flickr APITests.xctest"; sourceTree = BUILT_PRODUCTS_DIR; };
		6F807A641F5A496200B64E92 /* Flickr_APITests.swift */ = {isa = PBXFileReference; lastKnownFileType = sourcecode.swift; path = Flickr_APITests.swift; sourceTree = "<group>"; };
		6F807A661F5A496200B64E92 /* Info.plist */ = {isa = PBXFileReference; lastKnownFileType = text.plist.xml; path = Info.plist; sourceTree = "<group>"; };
		6F807A6B1F5A496200B64E92 /* Flickr APIUITests.xctest */ = {isa = PBXFileReference; explicitFileType = wrapper.cfbundle; includeInIndex = 0; path = "Flickr APIUITests.xctest"; sourceTree = BUILT_PRODUCTS_DIR; };
		6F807A6F1F5A496200B64E92 /* Flickr_APIUITests.swift */ = {isa = PBXFileReference; lastKnownFileType = sourcecode.swift; path = Flickr_APIUITests.swift; sourceTree = "<group>"; };
		6F807A711F5A496200B64E92 /* Info.plist */ = {isa = PBXFileReference; lastKnownFileType = text.plist.xml; path = Info.plist; sourceTree = "<group>"; };
		6F807A7E1F5A4CAA00B64E92 /* FlickrObject.swift */ = {isa = PBXFileReference; fileEncoding = 4; lastKnownFileType = sourcecode.swift; path = FlickrObject.swift; sourceTree = "<group>"; };
/* End PBXFileReference section */

/* Begin PBXFrameworksBuildPhase section */
		6F807A461F5A496200B64E92 /* Frameworks */ = {
			isa = PBXFrameworksBuildPhase;
			buildActionMask = 2147483647;
			files = (
			);
			runOnlyForDeploymentPostprocessing = 0;
		};
		6F807A5D1F5A496200B64E92 /* Frameworks */ = {
			isa = PBXFrameworksBuildPhase;
			buildActionMask = 2147483647;
			files = (
			);
			runOnlyForDeploymentPostprocessing = 0;
		};
		6F807A681F5A496200B64E92 /* Frameworks */ = {
			isa = PBXFrameworksBuildPhase;
			buildActionMask = 2147483647;
			files = (
			);
			runOnlyForDeploymentPostprocessing = 0;
		};
/* End PBXFrameworksBuildPhase section */

/* Begin PBXGroup section */
		6F807A401F5A496200B64E92 = {
			isa = PBXGroup;
			children = (
				6F807A4B1F5A496200B64E92 /* Flickr API */,
				6F807A631F5A496200B64E92 /* Flickr APITests */,
				6F807A6E1F5A496200B64E92 /* Flickr APIUITests */,
				6F807A4A1F5A496200B64E92 /* Products */,
			);
			sourceTree = "<group>";
		};
		6F807A4A1F5A496200B64E92 /* Products */ = {
			isa = PBXGroup;
			children = (
				6F807A491F5A496200B64E92 /* Flickr API.app */,
				6F807A601F5A496200B64E92 /* Flickr APITests.xctest */,
				6F807A6B1F5A496200B64E92 /* Flickr APIUITests.xctest */,
			);
			name = Products;
			sourceTree = "<group>";
		};
		6F807A4B1F5A496200B64E92 /* Flickr API */ = {
			isa = PBXGroup;
			children = (
				6F807A7D1F5A4C7A00B64E92 /* FlickrResult */,
				6F807A4C1F5A496200B64E92 /* AppDelegate.swift */,
				6F807A4E1F5A496200B64E92 /* ViewController.swift */,
				6F807A501F5A496200B64E92 /* Main.storyboard */,
				6F807A561F5A496200B64E92 /* Assets.xcassets */,
				6F807A581F5A496200B64E92 /* LaunchScreen.storyboard */,
				6F807A5B1F5A496200B64E92 /* Info.plist */,
				6F807A531F5A496200B64E92 /* Flickr_API.xcdatamodeld */,
			);
			path = "Flickr API";
			sourceTree = "<group>";
		};
		6F807A631F5A496200B64E92 /* Flickr APITests */ = {
			isa = PBXGroup;
			children = (
				6F807A641F5A496200B64E92 /* Flickr_APITests.swift */,
				6F807A661F5A496200B64E92 /* Info.plist */,
			);
			path = "Flickr APITests";
			sourceTree = "<group>";
		};
		6F807A6E1F5A496200B64E92 /* Flickr APIUITests */ = {
			isa = PBXGroup;
			children = (
				6F807A6F1F5A496200B64E92 /* Flickr_APIUITests.swift */,
				6F807A711F5A496200B64E92 /* Info.plist */,
			);
			path = "Flickr APIUITests";
			sourceTree = "<group>";
		};
		6F807A7D1F5A4C7A00B64E92 /* FlickrResult */ = {
			isa = PBXGroup;
			children = (
				6F807A7E1F5A4CAA00B64E92 /* FlickrObject.swift */,
			);
			name = FlickrResult;
			sourceTree = "<group>";
		};
/* End PBXGroup section */

/* Begin PBXNativeTarget section */
		6F807A481F5A496200B64E92 /* Flickr API */ = {
			isa = PBXNativeTarget;
			buildConfigurationList = 6F807A741F5A496200B64E92 /* Build configuration list for PBXNativeTarget "Flickr API" */;
			buildPhases = (
				6F807A451F5A496200B64E92 /* Sources */,
				6F807A461F5A496200B64E92 /* Frameworks */,
				6F807A471F5A496200B64E92 /* Resources */,
			);
			buildRules = (
			);
			dependencies = (
			);
			name = "Flickr API";
			productName = "Flickr API";
			productReference = 6F807A491F5A496200B64E92 /* Flickr API.app */;
			productType = "com.apple.product-type.application";
		};
		6F807A5F1F5A496200B64E92 /* Flickr APITests */ = {
			isa = PBXNativeTarget;
			buildConfigurationList = 6F807A771F5A496200B64E92 /* Build configuration list for PBXNativeTarget "Flickr APITests" */;
			buildPhases = (
				6F807A5C1F5A496200B64E92 /* Sources */,
				6F807A5D1F5A496200B64E92 /* Frameworks */,
				6F807A5E1F5A496200B64E92 /* Resources */,
			);
			buildRules = (
			);
			dependencies = (
				6F807A621F5A496200B64E92 /* PBXTargetDependency */,
			);
			name = "Flickr APITests";
			productName = "Flickr APITests";
			productReference = 6F807A601F5A496200B64E92 /* Flickr APITests.xctest */;
			productType = "com.apple.product-type.bundle.unit-test";
		};
		6F807A6A1F5A496200B64E92 /* Flickr APIUITests */ = {
			isa = PBXNativeTarget;
			buildConfigurationList = 6F807A7A1F5A496200B64E92 /* Build configuration list for PBXNativeTarget "Flickr APIUITests" */;
			buildPhases = (
				6F807A671F5A496200B64E92 /* Sources */,
				6F807A681F5A496200B64E92 /* Frameworks */,
				6F807A691F5A496200B64E92 /* Resources */,
			);
			buildRules = (
			);
			dependencies = (
				6F807A6D1F5A496200B64E92 /* PBXTargetDependency */,
			);
			name = "Flickr APIUITests";
			productName = "Flickr APIUITests";
			productReference = 6F807A6B1F5A496200B64E92 /* Flickr APIUITests.xctest */;
			productType = "com.apple.product-type.bundle.ui-testing";
		};
/* End PBXNativeTarget section */

/* Begin PBXProject section */
		6F807A411F5A496200B64E92 /* Project object */ = {
			isa = PBXProject;
			attributes = {
				LastSwiftUpdateCheck = 0820;
				LastUpgradeCheck = 0820;
				ORGANIZATIONNAME = "Eliot Arntz";
				TargetAttributes = {
					6F807A481F5A496200B64E92 = {
						CreatedOnToolsVersion = 8.2.1;
						ProvisioningStyle = Automatic;
					};
					6F807A5F1F5A496200B64E92 = {
						CreatedOnToolsVersion = 8.2.1;
						ProvisioningStyle = Automatic;
						TestTargetID = 6F807A481F5A496200B64E92;
					};
					6F807A6A1F5A496200B64E92 = {
						CreatedOnToolsVersion = 8.2.1;
						ProvisioningStyle = Automatic;
						TestTargetID = 6F807A481F5A496200B64E92;
					};
				};
			};
			buildConfigurationList = 6F807A441F5A496200B64E92 /* Build configuration list for PBXProject "Flickr API" */;
			compatibilityVersion = "Xcode 3.2";
			developmentRegion = English;
			hasScannedForEncodings = 0;
			knownRegions = (
				en,
				Base,
			);
			mainGroup = 6F807A401F5A496200B64E92;
			productRefGroup = 6F807A4A1F5A496200B64E92 /* Products */;
			projectDirPath = "";
			projectRoot = "";
			targets = (
				6F807A481F5A496200B64E92 /* Flickr API */,
				6F807A5F1F5A496200B64E92 /* Flickr APITests */,
				6F807A6A1F5A496200B64E92 /* Flickr APIUITests */,
			);
		};
/* End PBXProject section */

/* Begin PBXResourcesBuildPhase section */
		6F807A471F5A496200B64E92 /* Resources */ = {
			isa = PBXResourcesBuildPhase;
			buildActionMask = 2147483647;
			files = (
				6F807A5A1F5A496200B64E92 /* LaunchScreen.storyboard in Resources */,
				6F807A571F5A496200B64E92 /* Assets.xcassets in Resources */,
				6F807A521F5A496200B64E92 /* Main.storyboard in Resources */,
			);
			runOnlyForDeploymentPostprocessing = 0;
		};
		6F807A5E1F5A496200B64E92 /* Resources */ = {
			isa = PBXResourcesBuildPhase;
			buildActionMask = 2147483647;
			files = (
			);
			runOnlyForDeploymentPostprocessing = 0;
		};
		6F807A691F5A496200B64E92 /* Resources */ = {
			isa = PBXResourcesBuildPhase;
			buildActionMask = 2147483647;
			files = (
			);
			runOnlyForDeploymentPostprocessing = 0;
		};
/* End PBXResourcesBuildPhase section */

/* Begin PBXSourcesBuildPhase section */
		6F807A451F5A496200B64E92 /* Sources */ = {
			isa = PBXSourcesBuildPhase;
			buildActionMask = 2147483647;
			files = (
				6F807A4F1F5A496200B64E92 /* ViewController.swift in Sources */,
				6F807A551F5A496200B64E92 /* Flickr_API.xcdatamodeld in Sources */,
				6F807A4D1F5A496200B64E92 /* AppDelegate.swift in Sources */,
				6F807A7F1F5A4CAA00B64E92 /* FlickrObject.swift in Sources */,
			);
			runOnlyForDeploymentPostprocessing = 0;
		};
		6F807A5C1F5A496200B64E92 /* Sources */ = {
			isa = PBXSourcesBuildPhase;
			buildActionMask = 2147483647;
			files = (
				6F807A651F5A496200B64E92 /* Flickr_APITests.swift in Sources */,
			);
			runOnlyForDeploymentPostprocessing = 0;
		};
		6F807A671F5A496200B64E92 /* Sources */ = {
			isa = PBXSourcesBuildPhase;
			buildActionMask = 2147483647;
			files = (
				6F807A701F5A496200B64E92 /* Flickr_APIUITests.swift in Sources */,
			);
			runOnlyForDeploymentPostprocessing = 0;
		};
/* End PBXSourcesBuildPhase section */

/* Begin PBXTargetDependency section */
		6F807A621F5A496200B64E92 /* PBXTargetDependency */ = {
			isa = PBXTargetDependency;
			target = 6F807A481F5A496200B64E92 /* Flickr API */;
			targetProxy = 6F807A611F5A496200B64E92 /* PBXContainerItemProxy */;
		};
		6F807A6D1F5A496200B64E92 /* PBXTargetDependency */ = {
			isa = PBXTargetDependency;
			target = 6F807A481F5A496200B64E92 /* Flickr API */;
			targetProxy = 6F807A6C1F5A496200B64E92 /* PBXContainerItemProxy */;
		};
/* End PBXTargetDependency section */

/* Begin PBXVariantGroup section */
		6F807A501F5A496200B64E92 /* Main.storyboard */ = {
			isa = PBXVariantGroup;
			children = (
				6F807A511F5A496200B64E92 /* Base */,
			);
			name = Main.storyboard;
			sourceTree = "<group>";
		};
		6F807A581F5A496200B64E92 /* LaunchScreen.storyboard */ = {
			isa = PBXVariantGroup;
			children = (
				6F807A591F5A496200B64E92 /* Base */,
			);
			name = LaunchScreen.storyboard;
			sourceTree = "<group>";
		};
/* End PBXVariantGroup section */

/* Begin XCBuildConfiguration section */
		6F807A721F5A496200B64E92 /* Debug */ = {
			isa = XCBuildConfiguration;
			buildSettings = {
				ALWAYS_SEARCH_USER_PATHS = NO;
				CLANG_ANALYZER_NONNULL = YES;
				CLANG_CXX_LANGUAGE_STANDARD = "gnu++0x";
				CLANG_CXX_LIBRARY = "libc++";
				CLANG_ENABLE_MODULES = YES;
				CLANG_ENABLE_OBJC_ARC = YES;
				CLANG_WARN_BOOL_CONVERSION = YES;
				CLANG_WARN_CONSTANT_CONVERSION = YES;
				CLANG_WARN_DIRECT_OBJC_ISA_USAGE = YES_ERROR;
				CLANG_WARN_DOCUMENTATION_COMMENTS = YES;
				CLANG_WARN_EMPTY_BODY = YES;
				CLANG_WARN_ENUM_CONVERSION = YES;
				CLANG_WARN_INFINITE_RECURSION = YES;
				CLANG_WARN_INT_CONVERSION = YES;
				CLANG_WARN_OBJC_ROOT_CLASS = YES_ERROR;
				CLANG_WARN_SUSPICIOUS_MOVE = YES;
				CLANG_WARN_UNREACHABLE_CODE = YES;
				CLANG_WARN__DUPLICATE_METHOD_MATCH = YES;
				"CODE_SIGN_IDENTITY[sdk=iphoneos*]" = "iPhone Developer";
				COPY_PHASE_STRIP = NO;
				DEBUG_INFORMATION_FORMAT = dwarf;
				ENABLE_STRICT_OBJC_MSGSEND = YES;
				ENABLE_TESTABILITY = YES;
				GCC_C_LANGUAGE_STANDARD = gnu99;
				GCC_DYNAMIC_NO_PIC = NO;
				GCC_NO_COMMON_BLOCKS = YES;
				GCC_OPTIMIZATION_LEVEL = 0;
				GCC_PREPROCESSOR_DEFINITIONS = (
					"DEBUG=1",
					"$(inherited)",
				);
				GCC_WARN_64_TO_32_BIT_CONVERSION = YES;
				GCC_WARN_ABOUT_RETURN_TYPE = YES_ERROR;
				GCC_WARN_UNDECLARED_SELECTOR = YES;
				GCC_WARN_UNINITIALIZED_AUTOS = YES_AGGRESSIVE;
				GCC_WARN_UNUSED_FUNCTION = YES;
				GCC_WARN_UNUSED_VARIABLE = YES;
				IPHONEOS_DEPLOYMENT_TARGET = 10.2;
				MTL_ENABLE_DEBUG_INFO = YES;
				ONLY_ACTIVE_ARCH = YES;
				SDKROOT = iphoneos;
				SWIFT_ACTIVE_COMPILATION_CONDITIONS = DEBUG;
				SWIFT_OPTIMIZATION_LEVEL = "-Onone";
				TARGETED_DEVICE_FAMILY = "1,2";
			};
			name = Debug;
		};
		6F807A731F5A496200B64E92 /* Release */ = {
			isa = XCBuildConfiguration;
			buildSettings = {
				ALWAYS_SEARCH_USER_PATHS = NO;
				CLANG_ANALYZER_NONNULL = YES;
				CLANG_CXX_LANGUAGE_STANDARD = "gnu++0x";
				CLANG_CXX_LIBRARY = "libc++";
				CLANG_ENABLE_MODULES = YES;
				CLANG_ENABLE_OBJC_ARC = YES;
				CLANG_WARN_BOOL_CONVERSION = YES;
				CLANG_WARN_CONSTANT_CONVERSION = YES;
				CLANG_WARN_DIRECT_OBJC_ISA_USAGE = YES_ERROR;
				CLANG_WARN_DOCUMENTATION_COMMENTS = YES;
				CLANG_WARN_EMPTY_BODY = YES;
				CLANG_WARN_ENUM_CONVERSION = YES;
				CLANG_WARN_INFINITE_RECURSION = YES;
				CLANG_WARN_INT_CONVERSION = YES;
				CLANG_WARN_OBJC_ROOT_CLASS = YES_ERROR;
				CLANG_WARN_SUSPICIOUS_MOVE = YES;
				CLANG_WARN_UNREACHABLE_CODE = YES;
				CLANG_WARN__DUPLICATE_METHOD_MATCH = YES;
				"CODE_SIGN_IDENTITY[sdk=iphoneos*]" = "iPhone Developer";
				COPY_PHASE_STRIP = NO;
				DEBUG_INFORMATION_FORMAT = "dwarf-with-dsym";
				ENABLE_NS_ASSERTIONS = NO;
				ENABLE_STRICT_OBJC_MSGSEND = YES;
				GCC_C_LANGUAGE_STANDARD = gnu99;
				GCC_NO_COMMON_BLOCKS = YES;
				GCC_WARN_64_TO_32_BIT_CONVERSION = YES;
				GCC_WARN_ABOUT_RETURN_TYPE = YES_ERROR;
				GCC_WARN_UNDECLARED_SELECTOR = YES;
				GCC_WARN_UNINITIALIZED_AUTOS = YES_AGGRESSIVE;
				GCC_WARN_UNUSED_FUNCTION = YES;
				GCC_WARN_UNUSED_VARIABLE = YES;
				IPHONEOS_DEPLOYMENT_TARGET = 10.2;
				MTL_ENABLE_DEBUG_INFO = NO;
				SDKROOT = iphoneos;
				SWIFT_OPTIMIZATION_LEVEL = "-Owholemodule";
				TARGETED_DEVICE_FAMILY = "1,2";
				VALIDATE_PRODUCT = YES;
			};
			name = Release;
		};
		6F807A751F5A496200B64E92 /* Debug */ = {
			isa = XCBuildConfiguration;
			buildSettings = {
				ASSETCATALOG_COMPILER_APPICON_NAME = AppIcon;
				INFOPLIST_FILE = "Flickr API/Info.plist";
				LD_RUNPATH_SEARCH_PATHS = "$(inherited) @executable_path/Frameworks";
				PRODUCT_BUNDLE_IDENTIFIER = "fyi.Flickr-API";
				PRODUCT_NAME = "$(TARGET_NAME)";
				SWIFT_VERSION = 3.0;
			};
			name = Debug;
		};
		6F807A761F5A496200B64E92 /* Release */ = {
			isa = XCBuildConfiguration;
			buildSettings = {
				ASSETCATALOG_COMPILER_APPICON_NAME = AppIcon;
				INFOPLIST_FILE = "Flickr API/Info.plist";
				LD_RUNPATH_SEARCH_PATHS = "$(inherited) @executable_path/Frameworks";
				PRODUCT_BUNDLE_IDENTIFIER = "fyi.Flickr-API";
				PRODUCT_NAME = "$(TARGET_NAME)";
				SWIFT_VERSION = 3.0;
			};
			name = Release;
		};
		6F807A781F5A496200B64E92 /* Debug */ = {
			isa = XCBuildConfiguration;
			buildSettings = {
				ALWAYS_EMBED_SWIFT_STANDARD_LIBRARIES = YES;
				BUNDLE_LOADER = "$(TEST_HOST)";
				INFOPLIST_FILE = "Flickr APITests/Info.plist";
				LD_RUNPATH_SEARCH_PATHS = "$(inherited) @executable_path/Frameworks @loader_path/Frameworks";
				PRODUCT_BUNDLE_IDENTIFIER = "fyi.Flickr-APITests";
				PRODUCT_NAME = "$(TARGET_NAME)";
				SWIFT_VERSION = 3.0;
				TEST_HOST = "$(BUILT_PRODUCTS_DIR)/Flickr API.app/Flickr API";
			};
			name = Debug;
		};
		6F807A791F5A496200B64E92 /* Release */ = {
			isa = XCBuildConfiguration;
			buildSettings = {
				ALWAYS_EMBED_SWIFT_STANDARD_LIBRARIES = YES;
				BUNDLE_LOADER = "$(TEST_HOST)";
				INFOPLIST_FILE = "Flickr APITests/Info.plist";
				LD_RUNPATH_SEARCH_PATHS = "$(inherited) @executable_path/Frameworks @loader_path/Frameworks";
				PRODUCT_BUNDLE_IDENTIFIER = "fyi.Flickr-APITests";
				PRODUCT_NAME = "$(TARGET_NAME)";
				SWIFT_VERSION = 3.0;
				TEST_HOST = "$(BUILT_PRODUCTS_DIR)/Flickr API.app/Flickr API";
			};
			name = Release;
		};
		6F807A7B1F5A496200B64E92 /* Debug */ = {
			isa = XCBuildConfiguration;
			buildSettings = {
				ALWAYS_EMBED_SWIFT_STANDARD_LIBRARIES = YES;
				INFOPLIST_FILE = "Flickr APIUITests/Info.plist";
				LD_RUNPATH_SEARCH_PATHS = "$(inherited) @executable_path/Frameworks @loader_path/Frameworks";
				PRODUCT_BUNDLE_IDENTIFIER = "fyi.Flickr-APIUITests";
				PRODUCT_NAME = "$(TARGET_NAME)";
				SWIFT_VERSION = 3.0;
				TEST_TARGET_NAME = "Flickr API";
			};
			name = Debug;
		};
		6F807A7C1F5A496200B64E92 /* Release */ = {
			isa = XCBuildConfiguration;
			buildSettings = {
				ALWAYS_EMBED_SWIFT_STANDARD_LIBRARIES = YES;
				INFOPLIST_FILE = "Flickr APIUITests/Info.plist";
				LD_RUNPATH_SEARCH_PATHS = "$(inherited) @executable_path/Frameworks @loader_path/Frameworks";
				PRODUCT_BUNDLE_IDENTIFIER = "fyi.Flickr-APIUITests";
				PRODUCT_NAME = "$(TARGET_NAME)";
				SWIFT_VERSION = 3.0;
				TEST_TARGET_NAME = "Flickr API";
			};
			name = Release;
		};
/* End XCBuildConfiguration section */

/* Begin XCConfigurationList section */
		6F807A441F5A496200B64E92 /* Build configuration list for PBXProject "Flickr API" */ = {
			isa = XCConfigurationList;
			buildConfigurations = (
				6F807A721F5A496200B64E92 /* Debug */,
				6F807A731F5A496200B64E92 /* Release */,
			);
			defaultConfigurationIsVisible = 0;
			defaultConfigurationName = Release;
		};
		6F807A741F5A496200B64E92 /* Build configuration list for PBXNativeTarget "Flickr API" */ = {
			isa = XCConfigurationList;
			buildConfigurations = (
				6F807A751F5A496200B64E92 /* Debug */,
				6F807A761F5A496200B64E92 /* Release */,
			);
			defaultConfigurationIsVisible = 0;
		};
		6F807A771F5A496200B64E92 /* Build configuration list for PBXNativeTarget "Flickr APITests" */ = {
			isa = XCConfigurationList;
			buildConfigurations = (
				6F807A781F5A496200B64E92 /* Debug */,
				6F807A791F5A496200B64E92 /* Release */,
			);
			defaultConfigurationIsVisible = 0;
		};
		6F807A7A1F5A496200B64E92 /* Build configuration list for PBXNativeTarget "Flickr APIUITests" */ = {
			isa = XCConfigurationList;
			buildConfigurations = (
				6F807A7B1F5A496200B64E92 /* Debug */,
				6F807A7C1F5A496200B64E92 /* Release */,
			);
			defaultConfigurationIsVisible = 0;
		};
/* End XCConfigurationList section */

/* Begin XCVersionGroup section */
		6F807A531F5A496200B64E92 /* Flickr_API.xcdatamodeld */ = {
			isa = XCVersionGroup;
			children = (
				6F807A541F5A496200B64E92 /* Flickr_API.xcdatamodel */,
			);
			currentVersion = 6F807A541F5A496200B64E92 /* Flickr_API.xcdatamodel */;
			path = Flickr_API.xcdatamodeld;
			sourceTree = "<group>";
			versionGroupType = wrapper.xcdatamodel;
		};
/* End XCVersionGroup section */
	};
	rootObject = 6F807A411F5A496200B64E92 /* Project object */;
}
